
Microsoft Visual Studio Solution File, Format Version 12.00
# Visual Studio 15
VisualStudioVersion = 15.0.27428.2015
MinimumVisualStudioVersion = 10.0.40219.1
Project("{FAE04EC0-301F-11D3-BF4B-00C04F79EFBC}") = "GongSolutions.WPF.DragDrop.NET46", "GongSolutions.WPF.DragDrop\GongSolutions.WPF.DragDrop.NET46.csproj", "{AF36E35F-A2AA-4BAF-9223-F4DAD65DF607}"
EndProject
Project("{D954291E-2A0B-460D-934E-DC6B0785DB48}") = "GongSolutions.WPF.DragDrop.Shared", "GongSolutions.WPF.DragDrop.Shared\GongSolutions.WPF.DragDrop.Shared.shproj", "{5FFF6765-2341-42CD-ABC6-94DD180A2B45}"
EndProject
Global
	GlobalSection(SharedMSBuildProjectFiles) = preSolution
		GongSolutions.WPF.DragDrop.Shared\GongSolutions.WPF.DragDrop.Shared.projitems*{5fff6765-2341-42cd-abc6-94dd180a2b45}*SharedItemsImports = 13
		GongSolutions.WPF.DragDrop.Shared\GongSolutions.WPF.DragDrop.Shared.projitems*{af36e35f-a2aa-4baf-9223-f4dad65df607}*SharedItemsImports = 4
	EndGlobalSection
	GlobalSection(SolutionConfigurationPlatforms) = preSolution
		Debug|Any CPU = Debug|Any CPU
		Release|Any CPU = Release|Any CPU
	EndGlobalSection
	GlobalSection(ProjectConfigurationPlatforms) = postSolution
		{AF36E35F-A2AA-4BAF-9223-F4DAD65DF607}.Debug|Any CPU.ActiveCfg = Debug|Any CPU
		{AF36E35F-A2AA-4BAF-9223-F4DAD65DF607}.Debug|Any CPU.Build.0 = Debug|Any CPU
		{AF36E35F-A2AA-4BAF-9223-F4DAD65DF607}.Release|Any CPU.ActiveCfg = Release|Any CPU
		{AF36E35F-A2AA-4BAF-9223-F4DAD65DF607}.Release|Any CPU.Build.0 = Release|Any CPU
	EndGlobalSection
	GlobalSection(SolutionProperties) = preSolution
		HideSolutionNode = FALSE
	EndGlobalSection
	GlobalSection(ExtensibilityGlobals) = postSolution
		SolutionGuid = {25E26D95-9FA6-40D3-914B-A06642FDC6C8}
	EndGlobalSection
EndGlobal
